
Microsoft Visual Studio Solution File, Format Version 12.00
# Visual Studio Version 16
VisualStudioVersion = 16.0.29920.165
MinimumVisualStudioVersion = 10.0.40219.1
Project("{9A19103F-16F7-4668-BE54-9A1E7A4F7556}") = "BaseProject.Api", "BaseProject.Api\BaseProject.Api.csproj", "{7125C5A3-822C-41C5-ADFC-12F622523583}"
EndProject
Project("{2150E333-8FDC-42A3-9474-1A3956D46DE8}") = "Database", "Database", "{031D5DE4-AFFD-44B8-BB85-C80915DCAB62}"
EndProject
Project("{00D1A9C2-B5F0-4AF3-8072-F6C62B433612}") = "BaseProject.Api.Database", "BaseProject.Api.Database\BaseProject.Api.Database.sqlproj", "{E098E46B-3A43-4B14-9A12-5B7469E155E5}"
EndProject
Project("{9A19103F-16F7-4668-BE54-9A1E7A4F7556}") = "BaseProject.Api.DatabaseMigration", "BaseProject.Api.DatabaseMigration\BaseProject.Api.DatabaseMigration.csproj", "{0F5C1E80-8D21-409B-B126-243F899F54F5}"
EndProject
Project("{2150E333-8FDC-42A3-9474-1A3956D46DE8}") = "Test", "Test", "{C13448DF-06AE-49C1-B482-854913403BF9}"
EndProject
Project("{FAE04EC0-301F-11D3-BF4B-00C04F79EFBC}") = "BaseProject.Api.Test", "BaseProject.Api.Test\BaseProject.Api.Test.csproj", "{AAE1BD04-2114-4AA0-ACB5-B0FE0D18DC48}"
EndProject
Global
	GlobalSection(SolutionConfigurationPlatforms) = preSolution
		Debug|Any CPU = Debug|Any CPU
		Release|Any CPU = Release|Any CPU
	EndGlobalSection
	GlobalSection(ProjectConfigurationPlatforms) = postSolution
		{7125C5A3-822C-41C5-ADFC-12F622523583}.Debug|Any CPU.ActiveCfg = Debug|Any CPU
		{7125C5A3-822C-41C5-ADFC-12F622523583}.Debug|Any CPU.Build.0 = Debug|Any CPU
		{7125C5A3-822C-41C5-ADFC-12F622523583}.Release|Any CPU.ActiveCfg = Release|Any CPU
		{7125C5A3-822C-41C5-ADFC-12F622523583}.Release|Any CPU.Build.0 = Release|Any CPU
		{E098E46B-3A43-4B14-9A12-5B7469E155E5}.Debug|Any CPU.ActiveCfg = Debug|Any CPU
		{E098E46B-3A43-4B14-9A12-5B7469E155E5}.Debug|Any CPU.Build.0 = Debug|Any CPU
		{E098E46B-3A43-4B14-9A12-5B7469E155E5}.Debug|Any CPU.Deploy.0 = Debug|Any CPU
		{E098E46B-3A43-4B14-9A12-5B7469E155E5}.Release|Any CPU.ActiveCfg = Release|Any CPU
		{E098E46B-3A43-4B14-9A12-5B7469E155E5}.Release|Any CPU.Build.0 = Release|Any CPU
		{E098E46B-3A43-4B14-9A12-5B7469E155E5}.Release|Any CPU.Deploy.0 = Release|Any CPU
		{0F5C1E80-8D21-409B-B126-243F899F54F5}.Debug|Any CPU.ActiveCfg = Debug|Any CPU
		{0F5C1E80-8D21-409B-B126-243F899F54F5}.Debug|Any CPU.Build.0 = Debug|Any CPU
		{0F5C1E80-8D21-409B-B126-243F899F54F5}.Release|Any CPU.ActiveCfg = Release|Any CPU
		{0F5C1E80-8D21-409B-B126-243F899F54F5}.Release|Any CPU.Build.0 = Release|Any CPU
		{AAE1BD04-2114-4AA0-ACB5-B0FE0D18DC48}.Debug|Any CPU.ActiveCfg = Debug|Any CPU
		{AAE1BD04-2114-4AA0-ACB5-B0FE0D18DC48}.Debug|Any CPU.Build.0 = Debug|Any CPU
		{AAE1BD04-2114-4AA0-ACB5-B0FE0D18DC48}.Release|Any CPU.ActiveCfg = Release|Any CPU
		{AAE1BD04-2114-4AA0-ACB5-B0FE0D18DC48}.Release|Any CPU.Build.0 = Release|Any CPU
	EndGlobalSection
	GlobalSection(SolutionProperties) = preSolution
		HideSolutionNode = FALSE
	EndGlobalSection
	GlobalSection(NestedProjects) = preSolution
		{E098E46B-3A43-4B14-9A12-5B7469E155E5} = {031D5DE4-AFFD-44B8-BB85-C80915DCAB62}
		{0F5C1E80-8D21-409B-B126-243F899F54F5} = {031D5DE4-AFFD-44B8-BB85-C80915DCAB62}
		{AAE1BD04-2114-4AA0-ACB5-B0FE0D18DC48} = {C13448DF-06AE-49C1-B482-854913403BF9}
	EndGlobalSection
	GlobalSection(ExtensibilityGlobals) = postSolution
		SolutionGuid = {D9D2AECB-5BD5-4E9E-A41D-FCAFE7A39FA5}
	EndGlobalSection
EndGlobal
